
Microsoft Visual Studio Solution File, Format Version 12.00
# Visual Studio Version 17
VisualStudioVersion = 17.11.35312.102
MinimumVisualStudioVersion = 10.0.40219.1
Project("{FAE04EC0-301F-11D3-BF4B-00C04F79EFBC}") = "6-1", "6-1\6-1.csproj", "{4B22B8FB-1D4F-425D-A871-1487449EE5FF}"
EndProject
Global
	GlobalSection(SolutionConfigurationPlatforms) = preSolution
		Debug|Any CPU = Debug|Any CPU
		Release|Any CPU = Release|Any CPU
	EndGlobalSection
	GlobalSection(ProjectConfigurationPlatforms) = postSolution
		{4B22B8FB-1D4F-425D-A871-1487449EE5FF}.Debug|Any CPU.ActiveCfg = Debug|Any CPU
		{4B22B8FB-1D4F-425D-A871-1487449EE5FF}.Debug|Any CPU.Build.0 = Debug|Any CPU
		{4B22B8FB-1D4F-425D-A871-1487449EE5FF}.Release|Any CPU.ActiveCfg = Release|Any CPU
		{4B22B8FB-1D4F-425D-A871-1487449EE5FF}.Release|Any CPU.Build.0 = Release|Any CPU
	EndGlobalSection
	GlobalSection(SolutionProperties) = preSolution
		HideSolutionNode = FALSE
	EndGlobalSection
	GlobalSection(ExtensibilityGlobals) = postSolution
		SolutionGuid = {8AB33BCA-EF0E-4F54-A971-E1D13D0F390F}
	EndGlobalSection
EndGlobal
