
Microsoft Visual Studio Solution File, Format Version 12.00
# Visual Studio Version 17
VisualStudioVersion = 17.12.35707.178 d17.12
MinimumVisualStudioVersion = 10.0.40219.1
Project("{FAE04EC0-301F-11D3-BF4B-00C04F79EFBC}") = "PSGPathToGlory", "WpfApp1\PSGPathToGlory.csproj", "{EFE054DF-9665-4F78-9B3F-365E34467412}"
EndProject
Project("{FAE04EC0-301F-11D3-BF4B-00C04F79EFBC}") = "Database", "Database\Database.csproj", "{0E65297D-9010-41CF-9E71-B9DD2B9C38FD}"
EndProject
Global
	GlobalSection(SolutionConfigurationPlatforms) = preSolution
		Debug|Any CPU = Debug|Any CPU
		Release|Any CPU = Release|Any CPU
	EndGlobalSection
	GlobalSection(ProjectConfigurationPlatforms) = postSolution
		{EFE054DF-9665-4F78-9B3F-365E34467412}.Debug|Any CPU.ActiveCfg = Debug|Any CPU
		{EFE054DF-9665-4F78-9B3F-365E34467412}.Debug|Any CPU.Build.0 = Debug|Any CPU
		{EFE054DF-9665-4F78-9B3F-365E34467412}.Release|Any CPU.ActiveCfg = Release|Any CPU
		{EFE054DF-9665-4F78-9B3F-365E34467412}.Release|Any CPU.Build.0 = Release|Any CPU
		{0E65297D-9010-41CF-9E71-B9DD2B9C38FD}.Debug|Any CPU.ActiveCfg = Debug|Any CPU
		{0E65297D-9010-41CF-9E71-B9DD2B9C38FD}.Debug|Any CPU.Build.0 = Debug|Any CPU
		{0E65297D-9010-41CF-9E71-B9DD2B9C38FD}.Release|Any CPU.ActiveCfg = Release|Any CPU
		{0E65297D-9010-41CF-9E71-B9DD2B9C38FD}.Release|Any CPU.Build.0 = Release|Any CPU
	EndGlobalSection
	GlobalSection(SolutionProperties) = preSolution
		HideSolutionNode = FALSE
	EndGlobalSection
EndGlobal
